
Microsoft Visual Studio Solution File, Format Version 12.00
# Visual Studio Version 17
VisualStudioVersion = 17.14.36109.1
MinimumVisualStudioVersion = 10.0.40219.1
Project("{FAE04EC0-301F-11D3-BF4B-00C04F79EFBC}") = "ePubEditor.Core", "src\ePubEditor.Core\ePubEditor.Core.csproj", "{085CAAFA-C36E-4A03-850C-30A11418D1EB}"
EndProject
Project("{2150E333-8FDC-42A3-9474-1A3956D46DE8}") = "src", "src", "{02EA681E-C7D8-13C7-8484-4AC65E1B71E8}"
EndProject
Project("{2150E333-8FDC-42A3-9474-1A3956D46DE8}") = "test", "test", "{1B8CB3B1-C7EE-4553-BBA9-1D9C4B67C8AF}"
EndProject
Project("{2150E333-8FDC-42A3-9474-1A3956D46DE8}") = "Solution Items", "Solution Items", "{8EC462FD-D22E-90A8-E5CE-7E832BA40C5D}"
	ProjectSection(SolutionItems) = preProject
		.gitignore = .gitignore
		LICENSE = LICENSE
		README.md = README.md
	EndProjectSection
EndProject
Project("{FAE04EC0-301F-11D3-BF4B-00C04F79EFBC}") = "ePubEditor.Test", "test\ePubEditor.Test\ePubEditor.Test.csproj", "{7E909D69-D696-4C98-B6F5-C5D387C9AC5D}"
EndProject
Project("{FAE04EC0-301F-11D3-BF4B-00C04F79EFBC}") = "ePubEditor.CLI", "src\ePubEditor.CLI\ePubEditor.CLI.csproj", "{8289F814-E00D-4EAF-8EB8-ADC93C290EDB}"
EndProject
Global
	GlobalSection(SolutionConfigurationPlatforms) = preSolution
		Debug|Any CPU = Debug|Any CPU
		Release|Any CPU = Release|Any CPU
	EndGlobalSection
	GlobalSection(ProjectConfigurationPlatforms) = postSolution
		{085CAAFA-C36E-4A03-850C-30A11418D1EB}.Debug|Any CPU.ActiveCfg = Debug|Any CPU
		{085CAAFA-C36E-4A03-850C-30A11418D1EB}.Debug|Any CPU.Build.0 = Debug|Any CPU
		{085CAAFA-C36E-4A03-850C-30A11418D1EB}.Release|Any CPU.ActiveCfg = Release|Any CPU
		{085CAAFA-C36E-4A03-850C-30A11418D1EB}.Release|Any CPU.Build.0 = Release|Any CPU
		{7E909D69-D696-4C98-B6F5-C5D387C9AC5D}.Debug|Any CPU.ActiveCfg = Debug|Any CPU
		{7E909D69-D696-4C98-B6F5-C5D387C9AC5D}.Debug|Any CPU.Build.0 = Debug|Any CPU
		{7E909D69-D696-4C98-B6F5-C5D387C9AC5D}.Release|Any CPU.ActiveCfg = Release|Any CPU
		{7E909D69-D696-4C98-B6F5-C5D387C9AC5D}.Release|Any CPU.Build.0 = Release|Any CPU
		{8289F814-E00D-4EAF-8EB8-ADC93C290EDB}.Debug|Any CPU.ActiveCfg = Debug|Any CPU
		{8289F814-E00D-4EAF-8EB8-ADC93C290EDB}.Debug|Any CPU.Build.0 = Debug|Any CPU
		{8289F814-E00D-4EAF-8EB8-ADC93C290EDB}.Release|Any CPU.ActiveCfg = Release|Any CPU
		{8289F814-E00D-4EAF-8EB8-ADC93C290EDB}.Release|Any CPU.Build.0 = Release|Any CPU
	EndGlobalSection
	GlobalSection(SolutionProperties) = preSolution
		HideSolutionNode = FALSE
	EndGlobalSection
	GlobalSection(NestedProjects) = preSolution
		{085CAAFA-C36E-4A03-850C-30A11418D1EB} = {02EA681E-C7D8-13C7-8484-4AC65E1B71E8}
		{7E909D69-D696-4C98-B6F5-C5D387C9AC5D} = {1B8CB3B1-C7EE-4553-BBA9-1D9C4B67C8AF}
		{8289F814-E00D-4EAF-8EB8-ADC93C290EDB} = {02EA681E-C7D8-13C7-8484-4AC65E1B71E8}
	EndGlobalSection
	GlobalSection(ExtensibilityGlobals) = postSolution
		SolutionGuid = {F7C5DDC6-024A-49B1-BA43-B2E43D006743}
	EndGlobalSection
EndGlobal
